{
  "originHash" : "e79cf73c11fd397db4d938a6c9e1995503d199e5e6cbce96fb5b1273a82b482b",
  "pins" : [
    {
      "identity" : "solarsysrealitykit",
      "kind" : "remoteSourceControl",
      "location" : "https://github.com/RMIT-Ace/SolarSysRealityKit",
      "state" : {
        "branch" : "main",
        "revision" : "4fbf3344d7f142f7f6dc3fc45d6b6da9ae86aea5"
      }
    }
  ],
  "version" : 3
}
